// !$*UTF8*$!
{
	archiveVersion = 1;
	classes = {
	};
	objectVersion = 46;
	objects = {

/* Begin PBXBuildFile section */
		D407F28D1A76E8240075D825 /* NewCellCollectionViewCell.m in Sources */ = {isa = PBXBuildFile; fileRef = D407F28C1A76E8240075D825 /* NewCellCollectionViewCell.m */; };
		D4F63BC61A72BE8D00E29B97 /* main.m in Sources */ = {isa = PBXBuildFile; fileRef = D4F63BC51A72BE8D00E29B97 /* main.m */; };
		D4F63BC91A72BE8D00E29B97 /* AppDelegate.m in Sources */ = {isa = PBXBuildFile; fileRef = D4F63BC81A72BE8D00E29B97 /* AppDelegate.m */; };
		D4F63BCC1A72BE8D00E29B97 /* WorkoutGrid.xcdatamodeld in Sources */ = {isa = PBXBuildFile; fileRef = D4F63BCA1A72BE8D00E29B97 /* WorkoutGrid.xcdatamodeld */; };
		D4F63BCF1A72BE8D00E29B97 /* ViewController.m in Sources */ = {isa = PBXBuildFile; fileRef = D4F63BCE1A72BE8D00E29B97 /* ViewController.m */; };
		D4F63BD21A72BE8D00E29B97 /* Main.storyboard in Resources */ = {isa = PBXBuildFile; fileRef = D4F63BD01A72BE8D00E29B97 /* Main.storyboard */; };
		D4F63BD41A72BE8D00E29B97 /* Images.xcassets in Resources */ = {isa = PBXBuildFile; fileRef = D4F63BD31A72BE8D00E29B97 /* Images.xcassets */; };
		D4F63BD71A72BE8D00E29B97 /* LaunchScreen.xib in Resources */ = {isa = PBXBuildFile; fileRef = D4F63BD51A72BE8D00E29B97 /* LaunchScreen.xib */; };
		D4F63BE31A72BE8D00E29B97 /* WorkoutGridTests.m in Sources */ = {isa = PBXBuildFile; fileRef = D4F63BE21A72BE8D00E29B97 /* WorkoutGridTests.m */; };
		D4F63BEE1A73F65000E29B97 /* LabelCell.m in Sources */ = {isa = PBXBuildFile; fileRef = D4F63BED1A73F65000E29B97 /* LabelCell.m */; };
		D4F63BF11A75763F00E29B97 /* DataCell.m in Sources */ = {isa = PBXBuildFile; fileRef = D4F63BF01A75763F00E29B97 /* DataCell.m */; };
		D4F63BF41A758D7A00E29B97 /* JHCMachine.m in Sources */ = {isa = PBXBuildFile; fileRef = D4F63BF31A758D7A00E29B97 /* JHCMachine.m */; };
		D4F63BF71A76BE6400E29B97 /* CurrentMachineViewController.m in Sources */ = {isa = PBXBuildFile; fileRef = D4F63BF61A76BE6400E29B97 /* CurrentMachineViewController.m */; };
/* End PBXBuildFile section */

/* Begin PBXContainerItemProxy section */
		D4F63BDD1A72BE8D00E29B97 /* PBXContainerItemProxy */ = {
			isa = PBXContainerItemProxy;
			containerPortal = D4F63BB81A72BE8D00E29B97 /* Project object */;
			proxyType = 1;
			remoteGlobalIDString = D4F63BBF1A72BE8D00E29B97;
			remoteInfo = WorkoutGrid;
		};
/* End PBXContainerItemProxy section */

/* Begin PBXFileReference section */
		D407F28B1A76E8240075D825 /* NewCellCollectionViewCell.h */ = {isa = PBXFileReference; fileEncoding = 4; lastKnownFileType = sourcecode.c.h; path = NewCellCollectionViewCell.h; sourceTree = "<group>"; };
		D407F28C1A76E8240075D825 /* NewCellCollectionViewCell.m */ = {isa = PBXFileReference; fileEncoding = 4; lastKnownFileType = sourcecode.c.objc; path = NewCellCollectionViewCell.m; sourceTree = "<group>"; };
		D4F63BC01A72BE8D00E29B97 /* WorkoutGrid.app */ = {isa = PBXFileReference; explicitFileType = wrapper.application; includeInIndex = 0; path = WorkoutGrid.app; sourceTree = BUILT_PRODUCTS_DIR; };
		D4F63BC41A72BE8D00E29B97 /* Info.plist */ = {isa = PBXFileReference; lastKnownFileType = text.plist.xml; path = Info.plist; sourceTree = "<group>"; };
		D4F63BC51A72BE8D00E29B97 /* main.m */ = {isa = PBXFileReference; lastKnownFileType = sourcecode.c.objc; path = main.m; sourceTree = "<group>"; };
		D4F63BC71A72BE8D00E29B97 /* AppDelegate.h */ = {isa = PBXFileReference; lastKnownFileType = sourcecode.c.h; path = AppDelegate.h; sourceTree = "<group>"; };
		D4F63BC81A72BE8D00E29B97 /* AppDelegate.m */ = {isa = PBXFileReference; lastKnownFileType = sourcecode.c.objc; path = AppDelegate.m; sourceTree = "<group>"; };
		D4F63BCB1A72BE8D00E29B97 /* WorkoutGrid.xcdatamodel */ = {isa = PBXFileReference; lastKnownFileType = wrapper.xcdatamodel; path = WorkoutGrid.xcdatamodel; sourceTree = "<group>"; };
		D4F63BCD1A72BE8D00E29B97 /* ViewController.h */ = {isa = PBXFileReference; lastKnownFileType = sourcecode.c.h; path = ViewController.h; sourceTree = "<group>"; };
		D4F63BCE1A72BE8D00E29B97 /* ViewController.m */ = {isa = PBXFileReference; lastKnownFileType = sourcecode.c.objc; path = ViewController.m; sourceTree = "<group>"; };
		D4F63BD11A72BE8D00E29B97 /* Base */ = {isa = PBXFileReference; lastKnownFileType = file.storyboard; name = Base; path = Base.lproj/Main.storyboard; sourceTree = "<group>"; };
		D4F63BD31A72BE8D00E29B97 /* Images.xcassets */ = {isa = PBXFileReference; lastKnownFileType = folder.assetcatalog; path = Images.xcassets; sourceTree = "<group>"; };
		D4F63BD61A72BE8D00E29B97 /* Base */ = {isa = PBXFileReference; lastKnownFileType = file.xib; name = Base; path = Base.lproj/LaunchScreen.xib; sourceTree = "<group>"; };
		D4F63BDC1A72BE8D00E29B97 /* WorkoutGridTests.xctest */ = {isa = PBXFileReference; explicitFileType = wrapper.cfbundle; includeInIndex = 0; path = WorkoutGridTests.xctest; sourceTree = BUILT_PRODUCTS_DIR; };
		D4F63BE11A72BE8D00E29B97 /* Info.plist */ = {isa = PBXFileReference; lastKnownFileType = text.plist.xml; path = Info.plist; sourceTree = "<group>"; };
		D4F63BE21A72BE8D00E29B97 /* WorkoutGridTests.m */ = {isa = PBXFileReference; lastKnownFileType = sourcecode.c.objc; path = WorkoutGridTests.m; sourceTree = "<group>"; };
		D4F63BEC1A73F65000E29B97 /* LabelCell.h */ = {isa = PBXFileReference; fileEncoding = 4; lastKnownFileType = sourcecode.c.h; path = LabelCell.h; sourceTree = "<group>"; };
		D4F63BED1A73F65000E29B97 /* LabelCell.m */ = {isa = PBXFileReference; fileEncoding = 4; lastKnownFileType = sourcecode.c.objc; path = LabelCell.m; sourceTree = "<group>"; };
		D4F63BEF1A75763F00E29B97 /* DataCell.h */ = {isa = PBXFileReference; fileEncoding = 4; lastKnownFileType = sourcecode.c.h; path = DataCell.h; sourceTree = "<group>"; };
		D4F63BF01A75763F00E29B97 /* DataCell.m */ = {isa = PBXFileReference; fileEncoding = 4; lastKnownFileType = sourcecode.c.objc; path = DataCell.m; sourceTree = "<group>"; };
		D4F63BF21A758D7A00E29B97 /* JHCMachine.h */ = {isa = PBXFileReference; fileEncoding = 4; lastKnownFileType = sourcecode.c.h; path = JHCMachine.h; sourceTree = "<group>"; };
		D4F63BF31A758D7A00E29B97 /* JHCMachine.m */ = {isa = PBXFileReference; fileEncoding = 4; lastKnownFileType = sourcecode.c.objc; path = JHCMachine.m; sourceTree = "<group>"; };
		D4F63BF51A76BE6400E29B97 /* CurrentMachineViewController.h */ = {isa = PBXFileReference; fileEncoding = 4; lastKnownFileType = sourcecode.c.h; path = CurrentMachineViewController.h; sourceTree = "<group>"; };
		D4F63BF61A76BE6400E29B97 /* CurrentMachineViewController.m */ = {isa = PBXFileReference; fileEncoding = 4; lastKnownFileType = sourcecode.c.objc; path = CurrentMachineViewController.m; sourceTree = "<group>"; };
/* End PBXFileReference section */

/* Begin PBXFrameworksBuildPhase section */
		D4F63BBD1A72BE8D00E29B97 /* Frameworks */ = {
			isa = PBXFrameworksBuildPhase;
			buildActionMask = 2147483647;
			files = (
			);
			runOnlyForDeploymentPostprocessing = 0;
		};
		D4F63BD91A72BE8D00E29B97 /* Frameworks */ = {
			isa = PBXFrameworksBuildPhase;
			buildActionMask = 2147483647;
			files = (
			);
			runOnlyForDeploymentPostprocessing = 0;
		};
/* End PBXFrameworksBuildPhase section */

/* Begin PBXGroup section */
		D4F63BB71A72BE8D00E29B97 = {
			isa = PBXGroup;
			children = (
				D4F63BC21A72BE8D00E29B97 /* WorkoutGrid */,
				D4F63BDF1A72BE8D00E29B97 /* WorkoutGridTests */,
				D4F63BC11A72BE8D00E29B97 /* Products */,
			);
			sourceTree = "<group>";
		};
		D4F63BC11A72BE8D00E29B97 /* Products */ = {
			isa = PBXGroup;
			children = (
				D4F63BC01A72BE8D00E29B97 /* WorkoutGrid.app */,
				D4F63BDC1A72BE8D00E29B97 /* WorkoutGridTests.xctest */,
			);
			name = Products;
			sourceTree = "<group>";
		};
		D4F63BC21A72BE8D00E29B97 /* WorkoutGrid */ = {
			isa = PBXGroup;
			children = (
				D4F63BC71A72BE8D00E29B97 /* AppDelegate.h */,
				D4F63BC81A72BE8D00E29B97 /* AppDelegate.m */,
				D4F63BCD1A72BE8D00E29B97 /* ViewController.h */,
				D4F63BCE1A72BE8D00E29B97 /* ViewController.m */,
				D4F63BF21A758D7A00E29B97 /* JHCMachine.h */,
				D4F63BF31A758D7A00E29B97 /* JHCMachine.m */,
				D4F63BEF1A75763F00E29B97 /* DataCell.h */,
				D4F63BF01A75763F00E29B97 /* DataCell.m */,
				D407F28B1A76E8240075D825 /* NewCellCollectionViewCell.h */,
				D407F28C1A76E8240075D825 /* NewCellCollectionViewCell.m */,
				D4F63BEC1A73F65000E29B97 /* LabelCell.h */,
				D4F63BED1A73F65000E29B97 /* LabelCell.m */,
				D4F63BD01A72BE8D00E29B97 /* Main.storyboard */,
				D4F63BF51A76BE6400E29B97 /* CurrentMachineViewController.h */,
				D4F63BF61A76BE6400E29B97 /* CurrentMachineViewController.m */,
				D4F63BD31A72BE8D00E29B97 /* Images.xcassets */,
				D4F63BD51A72BE8D00E29B97 /* LaunchScreen.xib */,
				D4F63BCA1A72BE8D00E29B97 /* WorkoutGrid.xcdatamodeld */,
				D4F63BC31A72BE8D00E29B97 /* Supporting Files */,
			);
			path = WorkoutGrid;
			sourceTree = "<group>";
		};
		D4F63BC31A72BE8D00E29B97 /* Supporting Files */ = {
			isa = PBXGroup;
			children = (
				D4F63BC41A72BE8D00E29B97 /* Info.plist */,
				D4F63BC51A72BE8D00E29B97 /* main.m */,
			);
			name = "Supporting Files";
			sourceTree = "<group>";
		};
		D4F63BDF1A72BE8D00E29B97 /* WorkoutGridTests */ = {
			isa = PBXGroup;
			children = (
				D4F63BE21A72BE8D00E29B97 /* WorkoutGridTests.m */,
				D4F63BE01A72BE8D00E29B97 /* Supporting Files */,
			);
			path = WorkoutGridTests;
			sourceTree = "<group>";
		};
		D4F63BE01A72BE8D00E29B97 /* Supporting Files */ = {
			isa = PBXGroup;
			children = (
				D4F63BE11A72BE8D00E29B97 /* Info.plist */,
			);
			name = "Supporting Files";
			sourceTree = "<group>";
		};
/* End PBXGroup section */

/* Begin PBXNativeTarget section */
		D4F63BBF1A72BE8D00E29B97 /* WorkoutGrid */ = {
			isa = PBXNativeTarget;
			buildConfigurationList = D4F63BE61A72BE8D00E29B97 /* Build configuration list for PBXNativeTarget "WorkoutGrid" */;
			buildPhases = (
				D4F63BBC1A72BE8D00E29B97 /* Sources */,
				D4F63BBD1A72BE8D00E29B97 /* Frameworks */,
				D4F63BBE1A72BE8D00E29B97 /* Resources */,
			);
			buildRules = (
			);
			dependencies = (
			);
			name = WorkoutGrid;
			productName = WorkoutGrid;
			productReference = D4F63BC01A72BE8D00E29B97 /* WorkoutGrid.app */;
			productType = "com.apple.product-type.application";
		};
		D4F63BDB1A72BE8D00E29B97 /* WorkoutGridTests */ = {
			isa = PBXNativeTarget;
			buildConfigurationList = D4F63BE91A72BE8D00E29B97 /* Build configuration list for PBXNativeTarget "WorkoutGridTests" */;
			buildPhases = (
				D4F63BD81A72BE8D00E29B97 /* Sources */,
				D4F63BD91A72BE8D00E29B97 /* Frameworks */,
				D4F63BDA1A72BE8D00E29B97 /* Resources */,
			);
			buildRules = (
			);
			dependencies = (
				D4F63BDE1A72BE8D00E29B97 /* PBXTargetDependency */,
			);
			name = WorkoutGridTests;
			productName = WorkoutGridTests;
			productReference = D4F63BDC1A72BE8D00E29B97 /* WorkoutGridTests.xctest */;
			productType = "com.apple.product-type.bundle.unit-test";
		};
/* End PBXNativeTarget section */

/* Begin PBXProject section */
		D4F63BB81A72BE8D00E29B97 /* Project object */ = {
			isa = PBXProject;
			attributes = {
				LastUpgradeCheck = 0610;
				ORGANIZATIONNAME = "Jennifer Cabrera";
				TargetAttributes = {
					D4F63BBF1A72BE8D00E29B97 = {
						CreatedOnToolsVersion = 6.1.1;
					};
					D4F63BDB1A72BE8D00E29B97 = {
						CreatedOnToolsVersion = 6.1.1;
						TestTargetID = D4F63BBF1A72BE8D00E29B97;
					};
				};
			};
			buildConfigurationList = D4F63BBB1A72BE8D00E29B97 /* Build configuration list for PBXProject "WorkoutGrid" */;
			compatibilityVersion = "Xcode 3.2";
			developmentRegion = English;
			hasScannedForEncodings = 0;
			knownRegions = (
				en,
				Base,
			);
			mainGroup = D4F63BB71A72BE8D00E29B97;
			productRefGroup = D4F63BC11A72BE8D00E29B97 /* Products */;
			projectDirPath = "";
			projectRoot = "";
			targets = (
				D4F63BBF1A72BE8D00E29B97 /* WorkoutGrid */,
				D4F63BDB1A72BE8D00E29B97 /* WorkoutGridTests */,
			);
		};
/* End PBXProject section */

/* Begin PBXResourcesBuildPhase section */
		D4F63BBE1A72BE8D00E29B97 /* Resources */ = {
			isa = PBXResourcesBuildPhase;
			buildActionMask = 2147483647;
			files = (
				D4F63BD21A72BE8D00E29B97 /* Main.storyboard in Resources */,
				D4F63BD71A72BE8D00E29B97 /* LaunchScreen.xib in Resources */,
				D4F63BD41A72BE8D00E29B97 /* Images.xcassets in Resources */,
			);
			runOnlyForDeploymentPostprocessing = 0;
		};
		D4F63BDA1A72BE8D00E29B97 /* Resources */ = {
			isa = PBXResourcesBuildPhase;
			buildActionMask = 2147483647;
			files = (
			);
			runOnlyForDeploymentPostprocessing = 0;
		};
/* End PBXResourcesBuildPhase section */

/* Begin PBXSourcesBuildPhase section */
		D4F63BBC1A72BE8D00E29B97 /* Sources */ = {
			isa = PBXSourcesBuildPhase;
			buildActionMask = 2147483647;
			files = (
				D4F63BF71A76BE6400E29B97 /* CurrentMachineViewController.m in Sources */,
				D4F63BEE1A73F65000E29B97 /* LabelCell.m in Sources */,
				D4F63BC91A72BE8D00E29B97 /* AppDelegate.m in Sources */,
				D4F63BC61A72BE8D00E29B97 /* main.m in Sources */,
				D4F63BF11A75763F00E29B97 /* DataCell.m in Sources */,
				D407F28D1A76E8240075D825 /* NewCellCollectionViewCell.m in Sources */,
				D4F63BCF1A72BE8D00E29B97 /* ViewController.m in Sources */,
				D4F63BF41A758D7A00E29B97 /* JHCMachine.m in Sources */,
				D4F63BCC1A72BE8D00E29B97 /* WorkoutGrid.xcdatamodeld in Sources */,
			);
			runOnlyForDeploymentPostprocessing = 0;
		};
		D4F63BD81A72BE8D00E29B97 /* Sources */ = {
			isa = PBXSourcesBuildPhase;
			buildActionMask = 2147483647;
			files = (
				D4F63BE31A72BE8D00E29B97 /* WorkoutGridTests.m in Sources */,
			);
			runOnlyForDeploymentPostprocessing = 0;
		};
/* End PBXSourcesBuildPhase section */

/* Begin PBXTargetDependency section */
		D4F63BDE1A72BE8D00E29B97 /* PBXTargetDependency */ = {
			isa = PBXTargetDependency;
			target = D4F63BBF1A72BE8D00E29B97 /* WorkoutGrid */;
			targetProxy = D4F63BDD1A72BE8D00E29B97 /* PBXContainerItemProxy */;
		};
/* End PBXTargetDependency section */

/* Begin PBXVariantGroup section */
		D4F63BD01A72BE8D00E29B97 /* Main.storyboard */ = {
			isa = PBXVariantGroup;
			children = (
				D4F63BD11A72BE8D00E29B97 /* Base */,
			);
			name = Main.storyboard;
			sourceTree = "<group>";
		};
		D4F63BD51A72BE8D00E29B97 /* LaunchScreen.xib */ = {
			isa = PBXVariantGroup;
			children = (
				D4F63BD61A72BE8D00E29B97 /* Base */,
			);
			name = LaunchScreen.xib;
			sourceTree = "<group>";
		};
/* End PBXVariantGroup section */

/* Begin XCBuildConfiguration section */
		D4F63BE41A72BE8D00E29B97 /* Debug */ = {
			isa = XCBuildConfiguration;
			buildSettings = {
				ALWAYS_SEARCH_USER_PATHS = NO;
				CLANG_CXX_LANGUAGE_STANDARD = "gnu++0x";
				CLANG_CXX_LIBRARY = "libc++";
				CLANG_ENABLE_MODULES = YES;
				CLANG_ENABLE_OBJC_ARC = YES;
				CLANG_WARN_BOOL_CONVERSION = YES;
				CLANG_WARN_CONSTANT_CONVERSION = YES;
				CLANG_WARN_DIRECT_OBJC_ISA_USAGE = YES_ERROR;
				CLANG_WARN_EMPTY_BODY = YES;
				CLANG_WARN_ENUM_CONVERSION = YES;
				CLANG_WARN_INT_CONVERSION = YES;
				CLANG_WARN_OBJC_ROOT_CLASS = YES_ERROR;
				CLANG_WARN_UNREACHABLE_CODE = YES;
				CLANG_WARN__DUPLICATE_METHOD_MATCH = YES;
				"CODE_SIGN_IDENTITY[sdk=iphoneos*]" = "iPhone Developer";
				COPY_PHASE_STRIP = NO;
				ENABLE_STRICT_OBJC_MSGSEND = YES;
				GCC_C_LANGUAGE_STANDARD = gnu99;
				GCC_DYNAMIC_NO_PIC = NO;
				GCC_OPTIMIZATION_LEVEL = 0;
				GCC_PREPROCESSOR_DEFINITIONS = (
					"DEBUG=1",
					"$(inherited)",
				);
				GCC_SYMBOLS_PRIVATE_EXTERN = NO;
				GCC_WARN_64_TO_32_BIT_CONVERSION = YES;
				GCC_WARN_ABOUT_RETURN_TYPE = YES_ERROR;
				GCC_WARN_UNDECLARED_SELECTOR = YES;
				GCC_WARN_UNINITIALIZED_AUTOS = YES_AGGRESSIVE;
				GCC_WARN_UNUSED_FUNCTION = YES;
				GCC_WARN_UNUSED_VARIABLE = YES;
				IPHONEOS_DEPLOYMENT_TARGET = 8.1;
				MTL_ENABLE_DEBUG_INFO = YES;
				ONLY_ACTIVE_ARCH = YES;
				SDKROOT = iphoneos;
				TARGETED_DEVICE_FAMILY = 2;
			};
			name = Debug;
		};
		D4F63BE51A72BE8D00E29B97 /* Release */ = {
			isa = XCBuildConfiguration;
			buildSettings = {
				ALWAYS_SEARCH_USER_PATHS = NO;
				CLANG_CXX_LANGUAGE_STANDARD = "gnu++0x";
				CLANG_CXX_LIBRARY = "libc++";
				CLANG_ENABLE_MODULES = YES;
				CLANG_ENABLE_OBJC_ARC = YES;
				CLANG_WARN_BOOL_CONVERSION = YES;
				CLANG_WARN_CONSTANT_CONVERSION = YES;
				CLANG_WARN_DIRECT_OBJC_ISA_USAGE = YES_ERROR;
				CLANG_WARN_EMPTY_BODY = YES;
				CLANG_WARN_ENUM_CONVERSION = YES;
				CLANG_WARN_INT_CONVERSION = YES;
				CLANG_WARN_OBJC_ROOT_CLASS = YES_ERROR;
				CLANG_WARN_UNREACHABLE_CODE = YES;
				CLANG_WARN__DUPLICATE_METHOD_MATCH = YES;
				"CODE_SIGN_IDENTITY[sdk=iphoneos*]" = "iPhone Developer";
				COPY_PHASE_STRIP = YES;
				ENABLE_NS_ASSERTIONS = NO;
				ENABLE_STRICT_OBJC_MSGSEND = YES;
				GCC_C_LANGUAGE_STANDARD = gnu99;
				GCC_WARN_64_TO_32_BIT_CONVERSION = YES;
				GCC_WARN_ABOUT_RETURN_TYPE = YES_ERROR;
				GCC_WARN_UNDECLARED_SELECTOR = YES;
				GCC_WARN_UNINITIALIZED_AUTOS = YES_AGGRESSIVE;
				GCC_WARN_UNUSED_FUNCTION = YES;
				GCC_WARN_UNUSED_VARIABLE = YES;
				IPHONEOS_DEPLOYMENT_TARGET = 8.1;
				MTL_ENABLE_DEBUG_INFO = NO;
				SDKROOT = iphoneos;
				TARGETED_DEVICE_FAMILY = 2;
				VALIDATE_PRODUCT = YES;
			};
			name = Release;
		};
		D4F63BE71A72BE8D00E29B97 /* Debug */ = {
			isa = XCBuildConfiguration;
			buildSettings = {
				ASSETCATALOG_COMPILER_APPICON_NAME = AppIcon;
				INFOPLIST_FILE = WorkoutGrid/Info.plist;
				LD_RUNPATH_SEARCH_PATHS = "$(inherited) @executable_path/Frameworks";
				PRODUCT_NAME = "$(TARGET_NAME)";
			};
			name = Debug;
		};
		D4F63BE81A72BE8D00E29B97 /* Release */ = {
			isa = XCBuildConfiguration;
			buildSettings = {
				ASSETCATALOG_COMPILER_APPICON_NAME = AppIcon;
				INFOPLIST_FILE = WorkoutGrid/Info.plist;
				LD_RUNPATH_SEARCH_PATHS = "$(inherited) @executable_path/Frameworks";
				PRODUCT_NAME = "$(TARGET_NAME)";
			};
			name = Release;
		};
		D4F63BEA1A72BE8D00E29B97 /* Debug */ = {
			isa = XCBuildConfiguration;
			buildSettings = {
				BUNDLE_LOADER = "$(TEST_HOST)";
				FRAMEWORK_SEARCH_PATHS = (
					"$(SDKROOT)/Developer/Library/Frameworks",
					"$(inherited)",
				);
				GCC_PREPROCESSOR_DEFINITIONS = (
					"DEBUG=1",
					"$(inherited)",
				);
				INFOPLIST_FILE = WorkoutGridTests/Info.plist;
				LD_RUNPATH_SEARCH_PATHS = "$(inherited) @executable_path/Frameworks @loader_path/Frameworks";
				PRODUCT_NAME = "$(TARGET_NAME)";
				TEST_HOST = "$(BUILT_PRODUCTS_DIR)/WorkoutGrid.app/WorkoutGrid";
			};
			name = Debug;
		};
		D4F63BEB1A72BE8D00E29B97 /* Release */ = {
			isa = XCBuildConfiguration;
			buildSettings = {
				BUNDLE_LOADER = "$(TEST_HOST)";
				FRAMEWORK_SEARCH_PATHS = (
					"$(SDKROOT)/Developer/Library/Frameworks",
					"$(inherited)",
				);
				INFOPLIST_FILE = WorkoutGridTests/Info.plist;
				LD_RUNPATH_SEARCH_PATHS = "$(inherited) @executable_path/Frameworks @loader_path/Frameworks";
				PRODUCT_NAME = "$(TARGET_NAME)";
				TEST_HOST = "$(BUILT_PRODUCTS_DIR)/WorkoutGrid.app/WorkoutGrid";
			};
			name = Release;
		};
/* End XCBuildConfiguration section */

/* Begin XCConfigurationList section */
		D4F63BBB1A72BE8D00E29B97 /* Build configuration list for PBXProject "WorkoutGrid" */ = {
			isa = XCConfigurationList;
			buildConfigurations = (
				D4F63BE41A72BE8D00E29B97 /* Debug */,
				D4F63BE51A72BE8D00E29B97 /* Release */,
			);
			defaultConfigurationIsVisible = 0;
			defaultConfigurationName = Release;
		};
		D4F63BE61A72BE8D00E29B97 /* Build configuration list for PBXNativeTarget "WorkoutGrid" */ = {
			isa = XCConfigurationList;
			buildConfigurations = (
				D4F63BE71A72BE8D00E29B97 /* Debug */,
				D4F63BE81A72BE8D00E29B97 /* Release */,
			);
			defaultConfigurationIsVisible = 0;
			defaultConfigurationName = Release;
		};
		D4F63BE91A72BE8D00E29B97 /* Build configuration list for PBXNativeTarget "WorkoutGridTests" */ = {
			isa = XCConfigurationList;
			buildConfigurations = (
				D4F63BEA1A72BE8D00E29B97 /* Debug */,
				D4F63BEB1A72BE8D00E29B97 /* Release */,
			);
			defaultConfigurationIsVisible = 0;
			defaultConfigurationName = Release;
		};
/* End XCConfigurationList section */

/* Begin XCVersionGroup section */
		D4F63BCA1A72BE8D00E29B97 /* WorkoutGrid.xcdatamodeld */ = {
			isa = XCVersionGroup;
			children = (
				D4F63BCB1A72BE8D00E29B97 /* WorkoutGrid.xcdatamodel */,
			);
			currentVersion = D4F63BCB1A72BE8D00E29B97 /* WorkoutGrid.xcdatamodel */;
			path = WorkoutGrid.xcdatamodeld;
			sourceTree = "<group>";
			versionGroupType = wrapper.xcdatamodel;
		};
/* End XCVersionGroup section */
	};
	rootObject = D4F63BB81A72BE8D00E29B97 /* Project object */;
}
